
Microsoft Visual Studio Solution File, Format Version 12.00
# Visual Studio Version 17
VisualStudioVersion = 17.6.33815.320
MinimumVisualStudioVersion = 10.0.40219.1
Project("{9A19103F-16F7-4668-BE54-9A1E7A4F7556}") = "RHAPI", "RHAPI.csproj", "{4781C4AD-BDE6-4F60-862F-4F4070578043}"
EndProject
Project("{FAE04EC0-301F-11D3-BF4B-00C04F79EFBC}") = "Domain", "..\Domain\Domain.csproj", "{FD199CAE-A9FC-4C0A-8D4C-929EB6DB7D57}"
EndProject
Project("{FAE04EC0-301F-11D3-BF4B-00C04F79EFBC}") = "Service", "..\Service\Service.csproj", "{FCC01DBD-6848-4FD0-BE53-256EFB9E5E0F}"
EndProject
Project("{FAE04EC0-301F-11D3-BF4B-00C04F79EFBC}") = "Repository", "..\Repository\Repository.csproj", "{EB2B3F19-AE7C-48B9-B616-E9DCB78A6902}"
EndProject
Global
	GlobalSection(SolutionConfigurationPlatforms) = preSolution
		Debug|Any CPU = Debug|Any CPU
		Release|Any CPU = Release|Any CPU
	EndGlobalSection
	GlobalSection(ProjectConfigurationPlatforms) = postSolution
		{4781C4AD-BDE6-4F60-862F-4F4070578043}.Debug|Any CPU.ActiveCfg = Debug|Any CPU
		{4781C4AD-BDE6-4F60-862F-4F4070578043}.Debug|Any CPU.Build.0 = Debug|Any CPU
		{4781C4AD-BDE6-4F60-862F-4F4070578043}.Release|Any CPU.ActiveCfg = Release|Any CPU
		{4781C4AD-BDE6-4F60-862F-4F4070578043}.Release|Any CPU.Build.0 = Release|Any CPU
		{FD199CAE-A9FC-4C0A-8D4C-929EB6DB7D57}.Debug|Any CPU.ActiveCfg = Debug|Any CPU
		{FD199CAE-A9FC-4C0A-8D4C-929EB6DB7D57}.Debug|Any CPU.Build.0 = Debug|Any CPU
		{FD199CAE-A9FC-4C0A-8D4C-929EB6DB7D57}.Release|Any CPU.ActiveCfg = Release|Any CPU
		{FD199CAE-A9FC-4C0A-8D4C-929EB6DB7D57}.Release|Any CPU.Build.0 = Release|Any CPU
		{FCC01DBD-6848-4FD0-BE53-256EFB9E5E0F}.Debug|Any CPU.ActiveCfg = Debug|Any CPU
		{FCC01DBD-6848-4FD0-BE53-256EFB9E5E0F}.Debug|Any CPU.Build.0 = Debug|Any CPU
		{FCC01DBD-6848-4FD0-BE53-256EFB9E5E0F}.Release|Any CPU.ActiveCfg = Release|Any CPU
		{FCC01DBD-6848-4FD0-BE53-256EFB9E5E0F}.Release|Any CPU.Build.0 = Release|Any CPU
		{EB2B3F19-AE7C-48B9-B616-E9DCB78A6902}.Debug|Any CPU.ActiveCfg = Debug|Any CPU
		{EB2B3F19-AE7C-48B9-B616-E9DCB78A6902}.Debug|Any CPU.Build.0 = Debug|Any CPU
		{EB2B3F19-AE7C-48B9-B616-E9DCB78A6902}.Release|Any CPU.ActiveCfg = Release|Any CPU
		{EB2B3F19-AE7C-48B9-B616-E9DCB78A6902}.Release|Any CPU.Build.0 = Release|Any CPU
	EndGlobalSection
	GlobalSection(SolutionProperties) = preSolution
		HideSolutionNode = FALSE
	EndGlobalSection
	GlobalSection(ExtensibilityGlobals) = postSolution
		SolutionGuid = {D33AE733-494D-4429-AF39-737E3C31DB88}
	EndGlobalSection
EndGlobal
